
Microsoft Visual Studio Solution File, Format Version 12.00
# Visual Studio Version 16
VisualStudioVersion = 16.0.30611.23
MinimumVisualStudioVersion = 10.0.40219.1
Project("{FAE04EC0-301F-11D3-BF4B-00C04F79EFBC}") = "SocketServerDemo", "SocketServerDemo.csproj", "{89A12CFD-4EB6-4E80-B6FC-C5D628E51FA6}"
EndProject
Global
	GlobalSection(SolutionConfigurationPlatforms) = preSolution
		Debug|Any CPU = Debug|Any CPU
		Release|Any CPU = Release|Any CPU
	EndGlobalSection
	GlobalSection(ProjectConfigurationPlatforms) = postSolution
		{89A12CFD-4EB6-4E80-B6FC-C5D628E51FA6}.Debug|Any CPU.ActiveCfg = Debug|Any CPU
		{89A12CFD-4EB6-4E80-B6FC-C5D628E51FA6}.Debug|Any CPU.Build.0 = Debug|Any CPU
		{89A12CFD-4EB6-4E80-B6FC-C5D628E51FA6}.Release|Any CPU.ActiveCfg = Release|Any CPU
		{89A12CFD-4EB6-4E80-B6FC-C5D628E51FA6}.Release|Any CPU.Build.0 = Release|Any CPU
	EndGlobalSection
	GlobalSection(SolutionProperties) = preSolution
		HideSolutionNode = FALSE
	EndGlobalSection
	GlobalSection(ExtensibilityGlobals) = postSolution
		SolutionGuid = {B44F546F-EE2A-492F-B4EC-8876BEE80771}
	EndGlobalSection
EndGlobal
